
Microsoft Visual Studio Solution File, Format Version 12.00
# Visual Studio Version 16
VisualStudioVersion = 16.0.30517.126
MinimumVisualStudioVersion = 10.0.40219.1
Project("{FAE04EC0-301F-11D3-BF4B-00C04F79EFBC}") = "ViewAndViewModelExample.Web", "ViewAndViewModelExample.Web\ViewAndViewModelExample.Web.csproj", "{245E14AC-3671-492D-AF86-F09275E28A48}"
EndProject
Project("{FAE04EC0-301F-11D3-BF4B-00C04F79EFBC}") = "ViewAndViewModelExample.Domain", "ViewAndViewModelExample.Domain\ViewAndViewModelExample.Domain.csproj", "{50B0D0D5-0FAF-42F8-AB3A-6A2BEDC529D0}"
EndProject
Global
	GlobalSection(SolutionConfigurationPlatforms) = preSolution
		Debug|Any CPU = Debug|Any CPU
		Release|Any CPU = Release|Any CPU
	EndGlobalSection
	GlobalSection(ProjectConfigurationPlatforms) = postSolution
		{245E14AC-3671-492D-AF86-F09275E28A48}.Debug|Any CPU.ActiveCfg = Debug|Any CPU
		{245E14AC-3671-492D-AF86-F09275E28A48}.Debug|Any CPU.Build.0 = Debug|Any CPU
		{245E14AC-3671-492D-AF86-F09275E28A48}.Release|Any CPU.ActiveCfg = Release|Any CPU
		{245E14AC-3671-492D-AF86-F09275E28A48}.Release|Any CPU.Build.0 = Release|Any CPU
		{50B0D0D5-0FAF-42F8-AB3A-6A2BEDC529D0}.Debug|Any CPU.ActiveCfg = Debug|Any CPU
		{50B0D0D5-0FAF-42F8-AB3A-6A2BEDC529D0}.Debug|Any CPU.Build.0 = Debug|Any CPU
		{50B0D0D5-0FAF-42F8-AB3A-6A2BEDC529D0}.Release|Any CPU.ActiveCfg = Release|Any CPU
		{50B0D0D5-0FAF-42F8-AB3A-6A2BEDC529D0}.Release|Any CPU.Build.0 = Release|Any CPU
	EndGlobalSection
	GlobalSection(SolutionProperties) = preSolution
		HideSolutionNode = FALSE
	EndGlobalSection
	GlobalSection(ExtensibilityGlobals) = postSolution
		SolutionGuid = {C1E043CF-2C9A-433D-A5C0-62846FE00C3D}
	EndGlobalSection
EndGlobal
